
Microsoft Visual Studio Solution File, Format Version 12.00
# Visual Studio Version 17
VisualStudioVersion = 17.5.002.0
MinimumVisualStudioVersion = 10.0.40219.1
Project("{9A19103F-16F7-4668-BE54-9A1E7A4F7556}") = "LIS_backend", "LIS_backend.csproj", "{61103A29-EC48-49E2-8F60-13DFC68F4443}"
EndProject
Global
	GlobalSection(SolutionConfigurationPlatforms) = preSolution
		Debug|Any CPU = Debug|Any CPU
		Release|Any CPU = Release|Any CPU
	EndGlobalSection
	GlobalSection(ProjectConfigurationPlatforms) = postSolution
		{61103A29-EC48-49E2-8F60-13DFC68F4443}.Debug|Any CPU.ActiveCfg = Debug|Any CPU
		{61103A29-EC48-49E2-8F60-13DFC68F4443}.Debug|Any CPU.Build.0 = Debug|Any CPU
		{61103A29-EC48-49E2-8F60-13DFC68F4443}.Release|Any CPU.ActiveCfg = Release|Any CPU
		{61103A29-EC48-49E2-8F60-13DFC68F4443}.Release|Any CPU.Build.0 = Release|Any CPU
	EndGlobalSection
	GlobalSection(SolutionProperties) = preSolution
		HideSolutionNode = FALSE
	EndGlobalSection
	GlobalSection(ExtensibilityGlobals) = postSolution
		SolutionGuid = {3083640C-6005-47A4-A25C-D881B56193E8}
	EndGlobalSection
EndGlobal
